// !$*UTF8*$!
{
	archiveVersion = 1;
	classes = {
	};
	objectVersion = 56;
	objects = {

/* Begin PBXBuildFile section */
		8E04A13D2C745CB60098B66A /* AppDelegate.swift in Sources */ = {isa = PBXBuildFile; fileRef = 8E04A13C2C745CB60098B66A /* AppDelegate.swift */; };
		8E04A13F2C745CB60098B66A /* SceneDelegate.swift in Sources */ = {isa = PBXBuildFile; fileRef = 8E04A13E2C745CB60098B66A /* SceneDelegate.swift */; };
		8E04A1412C745CB60098B66A /* ViewController.swift in Sources */ = {isa = PBXBuildFile; fileRef = 8E04A1402C745CB60098B66A /* ViewController.swift */; };
		8E04A1442C745CB60098B66A /* Main.storyboard in Resources */ = {isa = PBXBuildFile; fileRef = 8E04A1422C745CB60098B66A /* Main.storyboard */; };
		8E04A1462C745CBC0098B66A /* Assets.xcassets in Resources */ = {isa = PBXBuildFile; fileRef = 8E04A1452C745CBC0098B66A /* Assets.xcassets */; };
		8E04A1492C745CBC0098B66A /* LaunchScreen.storyboard in Resources */ = {isa = PBXBuildFile; fileRef = 8E04A1472C745CBC0098B66A /* LaunchScreen.storyboard */; };
		8E04A1512C7464E60098B66A /* ApiResponse.swift in Sources */ = {isa = PBXBuildFile; fileRef = 8E04A1502C7464E60098B66A /* ApiResponse.swift */; };
		8E04A1532C74BB150098B66A /* TableViewController.swift in Sources */ = {isa = PBXBuildFile; fileRef = 8E04A1522C74BB150098B66A /* TableViewController.swift */; };
		8E04A15C2C75A7C00098B66A /* ProductTableViewCell.swift in Sources */ = {isa = PBXBuildFile; fileRef = 8E04A15A2C75A7C00098B66A /* ProductTableViewCell.swift */; };
		8E04A15D2C75A7C00098B66A /* ProductTableViewCell.xib in Resources */ = {isa = PBXBuildFile; fileRef = 8E04A15B2C75A7C00098B66A /* ProductTableViewCell.xib */; };
		8E04A1602C75F4AC0098B66A /* MyTableViewCell.swift in Sources */ = {isa = PBXBuildFile; fileRef = 8E04A15E2C75F4AC0098B66A /* MyTableViewCell.swift */; };
		8E04A1612C75F4AC0098B66A /* MyTableViewCell.xib in Resources */ = {isa = PBXBuildFile; fileRef = 8E04A15F2C75F4AC0098B66A /* MyTableViewCell.xib */; };
		8E04A1642C760D160098B66A /* ImagesCollectionViewCell.swift in Sources */ = {isa = PBXBuildFile; fileRef = 8E04A1622C760D160098B66A /* ImagesCollectionViewCell.swift */; };
		8E04A1682C770FB20098B66A /* ProductsCollectionViewCell.swift in Sources */ = {isa = PBXBuildFile; fileRef = 8E04A1662C770FB20098B66A /* ProductsCollectionViewCell.swift */; };
		E5FDF7C5866678BCC8167825 /* Pods_AlamofireDemo.framework in Frameworks */ = {isa = PBXBuildFile; fileRef = A21C0C84EFB39CE7C1DDDB55 /* Pods_AlamofireDemo.framework */; };
/* End PBXBuildFile section */

/* Begin PBXFileReference section */
		1AB0860A2B35D8F198F0C93B /* Pods-AlamofireDemo.debug.xcconfig */ = {isa = PBXFileReference; includeInIndex = 1; lastKnownFileType = text.xcconfig; name = "Pods-AlamofireDemo.debug.xcconfig"; path = "Target Support Files/Pods-AlamofireDemo/Pods-AlamofireDemo.debug.xcconfig"; sourceTree = "<group>"; };
		8E04A1392C745CB60098B66A /* AlamofireDemo.app */ = {isa = PBXFileReference; explicitFileType = wrapper.application; includeInIndex = 0; path = AlamofireDemo.app; sourceTree = BUILT_PRODUCTS_DIR; };
		8E04A13C2C745CB60098B66A /* AppDelegate.swift */ = {isa = PBXFileReference; lastKnownFileType = sourcecode.swift; path = AppDelegate.swift; sourceTree = "<group>"; };
		8E04A13E2C745CB60098B66A /* SceneDelegate.swift */ = {isa = PBXFileReference; lastKnownFileType = sourcecode.swift; path = SceneDelegate.swift; sourceTree = "<group>"; };
		8E04A1402C745CB60098B66A /* ViewController.swift */ = {isa = PBXFileReference; lastKnownFileType = sourcecode.swift; path = ViewController.swift; sourceTree = "<group>"; };
		8E04A1432C745CB60098B66A /* Base */ = {isa = PBXFileReference; lastKnownFileType = file.storyboard; name = Base; path = Base.lproj/Main.storyboard; sourceTree = "<group>"; };
		8E04A1452C745CBC0098B66A /* Assets.xcassets */ = {isa = PBXFileReference; lastKnownFileType = folder.assetcatalog; path = Assets.xcassets; sourceTree = "<group>"; };
		8E04A1482C745CBC0098B66A /* Base */ = {isa = PBXFileReference; lastKnownFileType = file.storyboard; name = Base; path = Base.lproj/LaunchScreen.storyboard; sourceTree = "<group>"; };
		8E04A14A2C745CBC0098B66A /* Info.plist */ = {isa = PBXFileReference; lastKnownFileType = text.plist.xml; path = Info.plist; sourceTree = "<group>"; };
		8E04A1502C7464E60098B66A /* ApiResponse.swift */ = {isa = PBXFileReference; lastKnownFileType = sourcecode.swift; path = ApiResponse.swift; sourceTree = "<group>"; };
		8E04A1522C74BB150098B66A /* TableViewController.swift */ = {isa = PBXFileReference; lastKnownFileType = sourcecode.swift; path = TableViewController.swift; sourceTree = "<group>"; };
		8E04A15A2C75A7C00098B66A /* ProductTableViewCell.swift */ = {isa = PBXFileReference; lastKnownFileType = sourcecode.swift; path = ProductTableViewCell.swift; sourceTree = "<group>"; };
		8E04A15B2C75A7C00098B66A /* ProductTableViewCell.xib */ = {isa = PBXFileReference; lastKnownFileType = file.xib; path = ProductTableViewCell.xib; sourceTree = "<group>"; };
		8E04A15E2C75F4AC0098B66A /* MyTableViewCell.swift */ = {isa = PBXFileReference; lastKnownFileType = sourcecode.swift; path = MyTableViewCell.swift; sourceTree = "<group>"; };
		8E04A15F2C75F4AC0098B66A /* MyTableViewCell.xib */ = {isa = PBXFileReference; lastKnownFileType = file.xib; path = MyTableViewCell.xib; sourceTree = "<group>"; };
		8E04A1622C760D160098B66A /* ImagesCollectionViewCell.swift */ = {isa = PBXFileReference; lastKnownFileType = sourcecode.swift; path = ImagesCollectionViewCell.swift; sourceTree = "<group>"; };
		8E04A1662C770FB20098B66A /* ProductsCollectionViewCell.swift */ = {isa = PBXFileReference; lastKnownFileType = sourcecode.swift; path = ProductsCollectionViewCell.swift; sourceTree = "<group>"; };
		A21C0C84EFB39CE7C1DDDB55 /* Pods_AlamofireDemo.framework */ = {isa = PBXFileReference; explicitFileType = wrapper.framework; includeInIndex = 0; path = Pods_AlamofireDemo.framework; sourceTree = BUILT_PRODUCTS_DIR; };
		CF8468B5D93099A11871246C /* Pods-AlamofireDemo.release.xcconfig */ = {isa = PBXFileReference; includeInIndex = 1; lastKnownFileType = text.xcconfig; name = "Pods-AlamofireDemo.release.xcconfig"; path = "Target Support Files/Pods-AlamofireDemo/Pods-AlamofireDemo.release.xcconfig"; sourceTree = "<group>"; };
/* End PBXFileReference section */

/* Begin PBXFrameworksBuildPhase section */
		8E04A1362C745CB60098B66A /* Frameworks */ = {
			isa = PBXFrameworksBuildPhase;
			buildActionMask = 2147483647;
			files = (
				E5FDF7C5866678BCC8167825 /* Pods_AlamofireDemo.framework in Frameworks */,
			);
			runOnlyForDeploymentPostprocessing = 0;
		};
/* End PBXFrameworksBuildPhase section */

/* Begin PBXGroup section */
		05F83285B948938726D90735 /* Pods */ = {
			isa = PBXGroup;
			children = (
				1AB0860A2B35D8F198F0C93B /* Pods-AlamofireDemo.debug.xcconfig */,
				CF8468B5D93099A11871246C /* Pods-AlamofireDemo.release.xcconfig */,
			);
			path = Pods;
			sourceTree = "<group>";
		};
		8E04A1302C745CB60098B66A = {
			isa = PBXGroup;
			children = (
				8E04A13B2C745CB60098B66A /* AlamofireDemo */,
				8E04A13A2C745CB60098B66A /* Products */,
				05F83285B948938726D90735 /* Pods */,
				9F942AE5BB6FCAD66173B19A /* Frameworks */,
			);
			sourceTree = "<group>";
		};
		8E04A13A2C745CB60098B66A /* Products */ = {
			isa = PBXGroup;
			children = (
				8E04A1392C745CB60098B66A /* AlamofireDemo.app */,
			);
			name = Products;
			sourceTree = "<group>";
		};
		8E04A13B2C745CB60098B66A /* AlamofireDemo */ = {
			isa = PBXGroup;
			children = (
				8E04A13C2C745CB60098B66A /* AppDelegate.swift */,
				8E04A13E2C745CB60098B66A /* SceneDelegate.swift */,
				8E04A1402C745CB60098B66A /* ViewController.swift */,
				8E04A1422C745CB60098B66A /* Main.storyboard */,
				8E04A1452C745CBC0098B66A /* Assets.xcassets */,
				8E04A1472C745CBC0098B66A /* LaunchScreen.storyboard */,
				8E04A14A2C745CBC0098B66A /* Info.plist */,
				8E04A1502C7464E60098B66A /* ApiResponse.swift */,
				8E04A1522C74BB150098B66A /* TableViewController.swift */,
				8E04A15A2C75A7C00098B66A /* ProductTableViewCell.swift */,
				8E04A15B2C75A7C00098B66A /* ProductTableViewCell.xib */,
				8E04A15E2C75F4AC0098B66A /* MyTableViewCell.swift */,
				8E04A15F2C75F4AC0098B66A /* MyTableViewCell.xib */,
				8E04A1622C760D160098B66A /* ImagesCollectionViewCell.swift */,
				8E04A1662C770FB20098B66A /* ProductsCollectionViewCell.swift */,
			);
			path = AlamofireDemo;
			sourceTree = "<group>";
		};
		9F942AE5BB6FCAD66173B19A /* Frameworks */ = {
			isa = PBXGroup;
			children = (
				A21C0C84EFB39CE7C1DDDB55 /* Pods_AlamofireDemo.framework */,
			);
			name = Frameworks;
			sourceTree = "<group>";
		};
/* End PBXGroup section */

/* Begin PBXNativeTarget section */
		8E04A1382C745CB60098B66A /* AlamofireDemo */ = {
			isa = PBXNativeTarget;
			buildConfigurationList = 8E04A14D2C745CBC0098B66A /* Build configuration list for PBXNativeTarget "AlamofireDemo" */;
			buildPhases = (
				2056CCD7E4EFCD6659F8408F /* [CP] Check Pods Manifest.lock */,
				8E04A1352C745CB60098B66A /* Sources */,
				8E04A1362C745CB60098B66A /* Frameworks */,
				8E04A1372C745CB60098B66A /* Resources */,
				277CF461A547A66B59F5972D /* [CP] Embed Pods Frameworks */,
			);
			buildRules = (
			);
			dependencies = (
			);
			name = AlamofireDemo;
			productName = AlamofireDemo;
			productReference = 8E04A1392C745CB60098B66A /* AlamofireDemo.app */;
			productType = "com.apple.product-type.application";
		};
/* End PBXNativeTarget section */

/* Begin PBXProject section */
		8E04A1312C745CB60098B66A /* Project object */ = {
			isa = PBXProject;
			attributes = {
				BuildIndependentTargetsInParallel = 1;
				LastSwiftUpdateCheck = 1430;
				LastUpgradeCheck = 1430;
				TargetAttributes = {
					8E04A1382C745CB60098B66A = {
						CreatedOnToolsVersion = 14.3;
					};
				};
			};
			buildConfigurationList = 8E04A1342C745CB60098B66A /* Build configuration list for PBXProject "AlamofireDemo" */;
			compatibilityVersion = "Xcode 14.0";
			developmentRegion = en;
			hasScannedForEncodings = 0;
			knownRegions = (
				en,
				Base,
			);
			mainGroup = 8E04A1302C745CB60098B66A;
			productRefGroup = 8E04A13A2C745CB60098B66A /* Products */;
			projectDirPath = "";
			projectRoot = "";
			targets = (
				8E04A1382C745CB60098B66A /* AlamofireDemo */,
			);
		};
/* End PBXProject section */

/* Begin PBXResourcesBuildPhase section */
		8E04A1372C745CB60098B66A /* Resources */ = {
			isa = PBXResourcesBuildPhase;
			buildActionMask = 2147483647;
			files = (
				8E04A1612C75F4AC0098B66A /* MyTableViewCell.xib in Resources */,
				8E04A1492C745CBC0098B66A /* LaunchScreen.storyboard in Resources */,
				8E04A15D2C75A7C00098B66A /* ProductTableViewCell.xib in Resources */,
				8E04A1462C745CBC0098B66A /* Assets.xcassets in Resources */,
				8E04A1442C745CB60098B66A /* Main.storyboard in Resources */,
			);
			runOnlyForDeploymentPostprocessing = 0;
		};
/* End PBXResourcesBuildPhase section */

/* Begin PBXShellScriptBuildPhase section */
		2056CCD7E4EFCD6659F8408F /* [CP] Check Pods Manifest.lock */ = {
			isa = PBXShellScriptBuildPhase;
			buildActionMask = 2147483647;
			files = (
			);
			inputFileListPaths = (
			);
			inputPaths = (
				"${PODS_PODFILE_DIR_PATH}/Podfile.lock",
				"${PODS_ROOT}/Manifest.lock",
			);
			name = "[CP] Check Pods Manifest.lock";
			outputFileListPaths = (
			);
			outputPaths = (
				"$(DERIVED_FILE_DIR)/Pods-AlamofireDemo-checkManifestLockResult.txt",
			);
			runOnlyForDeploymentPostprocessing = 0;
			shellPath = /bin/sh;
			shellScript = "diff \"${PODS_PODFILE_DIR_PATH}/Podfile.lock\" \"${PODS_ROOT}/Manifest.lock\" > /dev/null\nif [ $? != 0 ] ; then\n    # print error to STDERR\n    echo \"error: The sandbox is not in sync with the Podfile.lock. Run 'pod install' or update your CocoaPods installation.\" >&2\n    exit 1\nfi\n# This output is used by Xcode 'outputs' to avoid re-running this script phase.\necho \"SUCCESS\" > \"${SCRIPT_OUTPUT_FILE_0}\"\n";
			showEnvVarsInLog = 0;
		};
		277CF461A547A66B59F5972D /* [CP] Embed Pods Frameworks */ = {
			isa = PBXShellScriptBuildPhase;
			buildActionMask = 2147483647;
			files = (
			);
			inputFileListPaths = (
				"${PODS_ROOT}/Target Support Files/Pods-AlamofireDemo/Pods-AlamofireDemo-frameworks-${CONFIGURATION}-input-files.xcfilelist",
			);
			name = "[CP] Embed Pods Frameworks";
			outputFileListPaths = (
				"${PODS_ROOT}/Target Support Files/Pods-AlamofireDemo/Pods-AlamofireDemo-frameworks-${CONFIGURATION}-output-files.xcfilelist",
			);
			runOnlyForDeploymentPostprocessing = 0;
			shellPath = /bin/sh;
			shellScript = "\"${PODS_ROOT}/Target Support Files/Pods-AlamofireDemo/Pods-AlamofireDemo-frameworks.sh\"\n";
			showEnvVarsInLog = 0;
		};
/* End PBXShellScriptBuildPhase section */

/* Begin PBXSourcesBuildPhase section */
		8E04A1352C745CB60098B66A /* Sources */ = {
			isa = PBXSourcesBuildPhase;
			buildActionMask = 2147483647;
			files = (
				8E04A1602C75F4AC0098B66A /* MyTableViewCell.swift in Sources */,
				8E04A1412C745CB60098B66A /* ViewController.swift in Sources */,
				8E04A1512C7464E60098B66A /* ApiResponse.swift in Sources */,
				8E04A1682C770FB20098B66A /* ProductsCollectionViewCell.swift in Sources */,
				8E04A13D2C745CB60098B66A /* AppDelegate.swift in Sources */,
				8E04A1532C74BB150098B66A /* TableViewController.swift in Sources */,
				8E04A13F2C745CB60098B66A /* SceneDelegate.swift in Sources */,
				8E04A1642C760D160098B66A /* ImagesCollectionViewCell.swift in Sources */,
				8E04A15C2C75A7C00098B66A /* ProductTableViewCell.swift in Sources */,
			);
			runOnlyForDeploymentPostprocessing = 0;
		};
/* End PBXSourcesBuildPhase section */

/* Begin PBXVariantGroup section */
		8E04A1422C745CB60098B66A /* Main.storyboard */ = {
			isa = PBXVariantGroup;
			children = (
				8E04A1432C745CB60098B66A /* Base */,
			);
			name = Main.storyboard;
			sourceTree = "<group>";
		};
		8E04A1472C745CBC0098B66A /* LaunchScreen.storyboard */ = {
			isa = PBXVariantGroup;
			children = (
				8E04A1482C745CBC0098B66A /* Base */,
			);
			name = LaunchScreen.storyboard;
			sourceTree = "<group>";
		};
/* End PBXVariantGroup section */

/* Begin XCBuildConfiguration section */
		8E04A14B2C745CBC0098B66A /* Debug */ = {
			isa = XCBuildConfiguration;
			buildSettings = {
				ALWAYS_SEARCH_USER_PATHS = NO;
				CLANG_ANALYZER_NONNULL = YES;
				CLANG_ANALYZER_NUMBER_OBJECT_CONVERSION = YES_AGGRESSIVE;
				CLANG_CXX_LANGUAGE_STANDARD = "gnu++20";
				CLANG_ENABLE_MODULES = YES;
				CLANG_ENABLE_OBJC_ARC = YES;
				CLANG_ENABLE_OBJC_WEAK = YES;
				CLANG_WARN_BLOCK_CAPTURE_AUTORELEASING = YES;
				CLANG_WARN_BOOL_CONVERSION = YES;
				CLANG_WARN_COMMA = YES;
				CLANG_WARN_CONSTANT_CONVERSION = YES;
				CLANG_WARN_DEPRECATED_OBJC_IMPLEMENTATIONS = YES;
				CLANG_WARN_DIRECT_OBJC_ISA_USAGE = YES_ERROR;
				CLANG_WARN_DOCUMENTATION_COMMENTS = YES;
				CLANG_WARN_EMPTY_BODY = YES;
				CLANG_WARN_ENUM_CONVERSION = YES;
				CLANG_WARN_INFINITE_RECURSION = YES;
				CLANG_WARN_INT_CONVERSION = YES;
				CLANG_WARN_NON_LITERAL_NULL_CONVERSION = YES;
				CLANG_WARN_OBJC_IMPLICIT_RETAIN_SELF = YES;
				CLANG_WARN_OBJC_LITERAL_CONVERSION = YES;
				CLANG_WARN_OBJC_ROOT_CLASS = YES_ERROR;
				CLANG_WARN_QUOTED_INCLUDE_IN_FRAMEWORK_HEADER = YES;
				CLANG_WARN_RANGE_LOOP_ANALYSIS = YES;
				CLANG_WARN_STRICT_PROTOTYPES = YES;
				CLANG_WARN_SUSPICIOUS_MOVE = YES;
				CLANG_WARN_UNGUARDED_AVAILABILITY = YES_AGGRESSIVE;
				CLANG_WARN_UNREACHABLE_CODE = YES;
				CLANG_WARN__DUPLICATE_METHOD_MATCH = YES;
				COPY_PHASE_STRIP = NO;
				DEBUG_INFORMATION_FORMAT = dwarf;
				ENABLE_STRICT_OBJC_MSGSEND = YES;
				ENABLE_TESTABILITY = YES;
				GCC_C_LANGUAGE_STANDARD = gnu11;
				GCC_DYNAMIC_NO_PIC = NO;
				GCC_NO_COMMON_BLOCKS = YES;
				GCC_OPTIMIZATION_LEVEL = 0;
				GCC_PREPROCESSOR_DEFINITIONS = (
					"DEBUG=1",
					"$(inherited)",
				);
				GCC_WARN_64_TO_32_BIT_CONVERSION = YES;
				GCC_WARN_ABOUT_RETURN_TYPE = YES_ERROR;
				GCC_WARN_UNDECLARED_SELECTOR = YES;
				GCC_WARN_UNINITIALIZED_AUTOS = YES_AGGRESSIVE;
				GCC_WARN_UNUSED_FUNCTION = YES;
				GCC_WARN_UNUSED_VARIABLE = YES;
				IPHONEOS_DEPLOYMENT_TARGET = 16.4;
				MTL_ENABLE_DEBUG_INFO = INCLUDE_SOURCE;
				MTL_FAST_MATH = YES;
				ONLY_ACTIVE_ARCH = YES;
				SDKROOT = iphoneos;
				SWIFT_ACTIVE_COMPILATION_CONDITIONS = DEBUG;
				SWIFT_OPTIMIZATION_LEVEL = "-Onone";
			};
			name = Debug;
		};
		8E04A14C2C745CBC0098B66A /* Release */ = {
			isa = XCBuildConfiguration;
			buildSettings = {
				ALWAYS_SEARCH_USER_PATHS = NO;
				CLANG_ANALYZER_NONNULL = YES;
				CLANG_ANALYZER_NUMBER_OBJECT_CONVERSION = YES_AGGRESSIVE;
				CLANG_CXX_LANGUAGE_STANDARD = "gnu++20";
				CLANG_ENABLE_MODULES = YES;
				CLANG_ENABLE_OBJC_ARC = YES;
				CLANG_ENABLE_OBJC_WEAK = YES;
				CLANG_WARN_BLOCK_CAPTURE_AUTORELEASING = YES;
				CLANG_WARN_BOOL_CONVERSION = YES;
				CLANG_WARN_COMMA = YES;
				CLANG_WARN_CONSTANT_CONVERSION = YES;
				CLANG_WARN_DEPRECATED_OBJC_IMPLEMENTATIONS = YES;
				CLANG_WARN_DIRECT_OBJC_ISA_USAGE = YES_ERROR;
				CLANG_WARN_DOCUMENTATION_COMMENTS = YES;
				CLANG_WARN_EMPTY_BODY = YES;
				CLANG_WARN_ENUM_CONVERSION = YES;
				CLANG_WARN_INFINITE_RECURSION = YES;
				CLANG_WARN_INT_CONVERSION = YES;
				CLANG_WARN_NON_LITERAL_NULL_CONVERSION = YES;
				CLANG_WARN_OBJC_IMPLICIT_RETAIN_SELF = YES;
				CLANG_WARN_OBJC_LITERAL_CONVERSION = YES;
				CLANG_WARN_OBJC_ROOT_CLASS = YES_ERROR;
				CLANG_WARN_QUOTED_INCLUDE_IN_FRAMEWORK_HEADER = YES;
				CLANG_WARN_RANGE_LOOP_ANALYSIS = YES;
				CLANG_WARN_STRICT_PROTOTYPES = YES;
				CLANG_WARN_SUSPICIOUS_MOVE = YES;
				CLANG_WARN_UNGUARDED_AVAILABILITY = YES_AGGRESSIVE;
				CLANG_WARN_UNREACHABLE_CODE = YES;
				CLANG_WARN__DUPLICATE_METHOD_MATCH = YES;
				COPY_PHASE_STRIP = NO;
				DEBUG_INFORMATION_FORMAT = "dwarf-with-dsym";
				ENABLE_NS_ASSERTIONS = NO;
				ENABLE_STRICT_OBJC_MSGSEND = YES;
				GCC_C_LANGUAGE_STANDARD = gnu11;
				GCC_NO_COMMON_BLOCKS = YES;
				GCC_WARN_64_TO_32_BIT_CONVERSION = YES;
				GCC_WARN_ABOUT_RETURN_TYPE = YES_ERROR;
				GCC_WARN_UNDECLARED_SELECTOR = YES;
				GCC_WARN_UNINITIALIZED_AUTOS = YES_AGGRESSIVE;
				GCC_WARN_UNUSED_FUNCTION = YES;
				GCC_WARN_UNUSED_VARIABLE = YES;
				IPHONEOS_DEPLOYMENT_TARGET = 16.4;
				MTL_ENABLE_DEBUG_INFO = NO;
				MTL_FAST_MATH = YES;
				SDKROOT = iphoneos;
				SWIFT_COMPILATION_MODE = wholemodule;
				SWIFT_OPTIMIZATION_LEVEL = "-O";
				VALIDATE_PRODUCT = YES;
			};
			name = Release;
		};
		8E04A14E2C745CBC0098B66A /* Debug */ = {
			isa = XCBuildConfiguration;
			baseConfigurationReference = 1AB0860A2B35D8F198F0C93B /* Pods-AlamofireDemo.debug.xcconfig */;
			buildSettings = {
				ASSETCATALOG_COMPILER_APPICON_NAME = AppIcon;
				ASSETCATALOG_COMPILER_GLOBAL_ACCENT_COLOR_NAME = AccentColor;
				CODE_SIGN_STYLE = Automatic;
				CURRENT_PROJECT_VERSION = 1;
				DEVELOPMENT_TEAM = N92Q5GU85U;
				GENERATE_INFOPLIST_FILE = YES;
				INFOPLIST_FILE = AlamofireDemo/Info.plist;
				INFOPLIST_KEY_UIApplicationSupportsIndirectInputEvents = YES;
				INFOPLIST_KEY_UILaunchStoryboardName = LaunchScreen;
				INFOPLIST_KEY_UIMainStoryboardFile = Main;
				INFOPLIST_KEY_UISupportedInterfaceOrientations_iPad = "UIInterfaceOrientationPortrait UIInterfaceOrientationPortraitUpsideDown UIInterfaceOrientationLandscapeLeft UIInterfaceOrientationLandscapeRight";
				INFOPLIST_KEY_UISupportedInterfaceOrientations_iPhone = "UIInterfaceOrientationPortrait UIInterfaceOrientationLandscapeLeft UIInterfaceOrientationLandscapeRight";
				LD_RUNPATH_SEARCH_PATHS = (
					"$(inherited)",
					"@executable_path/Frameworks",
				);
				MARKETING_VERSION = 1.0;
				PRODUCT_BUNDLE_IDENTIFIER = practise.AlamofireDemo;
				PRODUCT_NAME = "$(TARGET_NAME)";
				SWIFT_EMIT_LOC_STRINGS = YES;
				SWIFT_VERSION = 5.0;
				TARGETED_DEVICE_FAMILY = "1,2";
			};
			name = Debug;
		};
		8E04A14F2C745CBC0098B66A /* Release */ = {
			isa = XCBuildConfiguration;
			baseConfigurationReference = CF8468B5D93099A11871246C /* Pods-AlamofireDemo.release.xcconfig */;
			buildSettings = {
				ASSETCATALOG_COMPILER_APPICON_NAME = AppIcon;
				ASSETCATALOG_COMPILER_GLOBAL_ACCENT_COLOR_NAME = AccentColor;
				CODE_SIGN_STYLE = Automatic;
				CURRENT_PROJECT_VERSION = 1;
				DEVELOPMENT_TEAM = N92Q5GU85U;
				GENERATE_INFOPLIST_FILE = YES;
				INFOPLIST_FILE = AlamofireDemo/Info.plist;
				INFOPLIST_KEY_UIApplicationSupportsIndirectInputEvents = YES;
				INFOPLIST_KEY_UILaunchStoryboardName = LaunchScreen;
				INFOPLIST_KEY_UIMainStoryboardFile = Main;
				INFOPLIST_KEY_UISupportedInterfaceOrientations_iPad = "UIInterfaceOrientationPortrait UIInterfaceOrientationPortraitUpsideDown UIInterfaceOrientationLandscapeLeft UIInterfaceOrientationLandscapeRight";
				INFOPLIST_KEY_UISupportedInterfaceOrientations_iPhone = "UIInterfaceOrientationPortrait UIInterfaceOrientationLandscapeLeft UIInterfaceOrientationLandscapeRight";
				LD_RUNPATH_SEARCH_PATHS = (
					"$(inherited)",
					"@executable_path/Frameworks",
				);
				MARKETING_VERSION = 1.0;
				PRODUCT_BUNDLE_IDENTIFIER = practise.AlamofireDemo;
				PRODUCT_NAME = "$(TARGET_NAME)";
				SWIFT_EMIT_LOC_STRINGS = YES;
				SWIFT_VERSION = 5.0;
				TARGETED_DEVICE_FAMILY = "1,2";
			};
			name = Release;
		};
/* End XCBuildConfiguration section */

/* Begin XCConfigurationList section */
		8E04A1342C745CB60098B66A /* Build configuration list for PBXProject "AlamofireDemo" */ = {
			isa = XCConfigurationList;
			buildConfigurations = (
				8E04A14B2C745CBC0098B66A /* Debug */,
				8E04A14C2C745CBC0098B66A /* Release */,
			);
			defaultConfigurationIsVisible = 0;
			defaultConfigurationName = Release;
		};
		8E04A14D2C745CBC0098B66A /* Build configuration list for PBXNativeTarget "AlamofireDemo" */ = {
			isa = XCConfigurationList;
			buildConfigurations = (
				8E04A14E2C745CBC0098B66A /* Debug */,
				8E04A14F2C745CBC0098B66A /* Release */,
			);
			defaultConfigurationIsVisible = 0;
			defaultConfigurationName = Release;
		};
/* End XCConfigurationList section */
	};
	rootObject = 8E04A1312C745CB60098B66A /* Project object */;
}
