// !$*UTF8*$!
{
	archiveVersion = 1;
	classes = {
	};
	objectVersion = 56;
	objects = {

/* Begin PBXBuildFile section */
		8E995E0F2C7C97730010DE4D /* AppDelegate.swift in Sources */ = {isa = PBXBuildFile; fileRef = 8E995E0E2C7C97730010DE4D /* AppDelegate.swift */; };
		8E995E112C7C97730010DE4D /* SceneDelegate.swift in Sources */ = {isa = PBXBuildFile; fileRef = 8E995E102C7C97730010DE4D /* SceneDelegate.swift */; };
		8E995E132C7C97730010DE4D /* ViewController.swift in Sources */ = {isa = PBXBuildFile; fileRef = 8E995E122C7C97730010DE4D /* ViewController.swift */; };
		8E995E162C7C97730010DE4D /* Main.storyboard in Resources */ = {isa = PBXBuildFile; fileRef = 8E995E142C7C97730010DE4D /* Main.storyboard */; };
		8E995E182C7C97790010DE4D /* Assets.xcassets in Resources */ = {isa = PBXBuildFile; fileRef = 8E995E172C7C97790010DE4D /* Assets.xcassets */; };
		8E995E1B2C7C97790010DE4D /* LaunchScreen.storyboard in Resources */ = {isa = PBXBuildFile; fileRef = 8E995E192C7C97790010DE4D /* LaunchScreen.storyboard */; };
		95D2F2E49B37D4127B31A612 /* Pods_AlamofirePOSTdemo.framework in Frameworks */ = {isa = PBXBuildFile; fileRef = D69F5DCBADB601A3D03BF2FA /* Pods_AlamofirePOSTdemo.framework */; };
/* End PBXBuildFile section */

/* Begin PBXFileReference section */
		069AC8BB704FE0CEE9F5B7E8 /* Pods-AlamofirePOSTdemo.release.xcconfig */ = {isa = PBXFileReference; includeInIndex = 1; lastKnownFileType = text.xcconfig; name = "Pods-AlamofirePOSTdemo.release.xcconfig"; path = "Target Support Files/Pods-AlamofirePOSTdemo/Pods-AlamofirePOSTdemo.release.xcconfig"; sourceTree = "<group>"; };
		71CA28D2086AE58186CFDC9C /* Pods-AlamofirePOSTdemo.debug.xcconfig */ = {isa = PBXFileReference; includeInIndex = 1; lastKnownFileType = text.xcconfig; name = "Pods-AlamofirePOSTdemo.debug.xcconfig"; path = "Target Support Files/Pods-AlamofirePOSTdemo/Pods-AlamofirePOSTdemo.debug.xcconfig"; sourceTree = "<group>"; };
		8E995E0B2C7C97730010DE4D /* AlamofirePOSTdemo.app */ = {isa = PBXFileReference; explicitFileType = wrapper.application; includeInIndex = 0; path = AlamofirePOSTdemo.app; sourceTree = BUILT_PRODUCTS_DIR; };
		8E995E0E2C7C97730010DE4D /* AppDelegate.swift */ = {isa = PBXFileReference; lastKnownFileType = sourcecode.swift; path = AppDelegate.swift; sourceTree = "<group>"; };
		8E995E102C7C97730010DE4D /* SceneDelegate.swift */ = {isa = PBXFileReference; lastKnownFileType = sourcecode.swift; path = SceneDelegate.swift; sourceTree = "<group>"; };
		8E995E122C7C97730010DE4D /* ViewController.swift */ = {isa = PBXFileReference; lastKnownFileType = sourcecode.swift; path = ViewController.swift; sourceTree = "<group>"; };
		8E995E152C7C97730010DE4D /* Base */ = {isa = PBXFileReference; lastKnownFileType = file.storyboard; name = Base; path = Base.lproj/Main.storyboard; sourceTree = "<group>"; };
		8E995E172C7C97790010DE4D /* Assets.xcassets */ = {isa = PBXFileReference; lastKnownFileType = folder.assetcatalog; path = Assets.xcassets; sourceTree = "<group>"; };
		8E995E1A2C7C97790010DE4D /* Base */ = {isa = PBXFileReference; lastKnownFileType = file.storyboard; name = Base; path = Base.lproj/LaunchScreen.storyboard; sourceTree = "<group>"; };
		8E995E1C2C7C97790010DE4D /* Info.plist */ = {isa = PBXFileReference; lastKnownFileType = text.plist.xml; path = Info.plist; sourceTree = "<group>"; };
		D69F5DCBADB601A3D03BF2FA /* Pods_AlamofirePOSTdemo.framework */ = {isa = PBXFileReference; explicitFileType = wrapper.framework; includeInIndex = 0; path = Pods_AlamofirePOSTdemo.framework; sourceTree = BUILT_PRODUCTS_DIR; };
/* End PBXFileReference section */

/* Begin PBXFrameworksBuildPhase section */
		8E995E082C7C97730010DE4D /* Frameworks */ = {
			isa = PBXFrameworksBuildPhase;
			buildActionMask = 2147483647;
			files = (
				95D2F2E49B37D4127B31A612 /* Pods_AlamofirePOSTdemo.framework in Frameworks */,
			);
			runOnlyForDeploymentPostprocessing = 0;
		};
/* End PBXFrameworksBuildPhase section */

/* Begin PBXGroup section */
		1AAA226D7CD03CEBD48E804B /* Pods */ = {
			isa = PBXGroup;
			children = (
				71CA28D2086AE58186CFDC9C /* Pods-AlamofirePOSTdemo.debug.xcconfig */,
				069AC8BB704FE0CEE9F5B7E8 /* Pods-AlamofirePOSTdemo.release.xcconfig */,
			);
			name = Pods;
			path = Pods;
			sourceTree = "<group>";
		};
		434218763CB330AA0A95DA43 /* Frameworks */ = {
			isa = PBXGroup;
			children = (
				D69F5DCBADB601A3D03BF2FA /* Pods_AlamofirePOSTdemo.framework */,
			);
			name = Frameworks;
			sourceTree = "<group>";
		};
		8E995E022C7C97720010DE4D = {
			isa = PBXGroup;
			children = (
				8E995E0D2C7C97730010DE4D /* AlamofirePOSTdemo */,
				8E995E0C2C7C97730010DE4D /* Products */,
				1AAA226D7CD03CEBD48E804B /* Pods */,
				434218763CB330AA0A95DA43 /* Frameworks */,
			);
			sourceTree = "<group>";
		};
		8E995E0C2C7C97730010DE4D /* Products */ = {
			isa = PBXGroup;
			children = (
				8E995E0B2C7C97730010DE4D /* AlamofirePOSTdemo.app */,
			);
			name = Products;
			sourceTree = "<group>";
		};
		8E995E0D2C7C97730010DE4D /* AlamofirePOSTdemo */ = {
			isa = PBXGroup;
			children = (
				8E995E0E2C7C97730010DE4D /* AppDelegate.swift */,
				8E995E102C7C97730010DE4D /* SceneDelegate.swift */,
				8E995E122C7C97730010DE4D /* ViewController.swift */,
				8E995E142C7C97730010DE4D /* Main.storyboard */,
				8E995E172C7C97790010DE4D /* Assets.xcassets */,
				8E995E192C7C97790010DE4D /* LaunchScreen.storyboard */,
				8E995E1C2C7C97790010DE4D /* Info.plist */,
			);
			path = AlamofirePOSTdemo;
			sourceTree = "<group>";
		};
/* End PBXGroup section */

/* Begin PBXNativeTarget section */
		8E995E0A2C7C97730010DE4D /* AlamofirePOSTdemo */ = {
			isa = PBXNativeTarget;
			buildConfigurationList = 8E995E1F2C7C97790010DE4D /* Build configuration list for PBXNativeTarget "AlamofirePOSTdemo" */;
			buildPhases = (
				17F6F82573C7E86D714F0C95 /* [CP] Check Pods Manifest.lock */,
				8E995E072C7C97730010DE4D /* Sources */,
				8E995E082C7C97730010DE4D /* Frameworks */,
				8E995E092C7C97730010DE4D /* Resources */,
				C247D30CB1F17F2BDB1F7678 /* [CP] Embed Pods Frameworks */,
			);
			buildRules = (
			);
			dependencies = (
			);
			name = AlamofirePOSTdemo;
			productName = AlamofirePOSTdemo;
			productReference = 8E995E0B2C7C97730010DE4D /* AlamofirePOSTdemo.app */;
			productType = "com.apple.product-type.application";
		};
/* End PBXNativeTarget section */

/* Begin PBXProject section */
		8E995E032C7C97720010DE4D /* Project object */ = {
			isa = PBXProject;
			attributes = {
				BuildIndependentTargetsInParallel = 1;
				LastSwiftUpdateCheck = 1430;
				LastUpgradeCheck = 1430;
				TargetAttributes = {
					8E995E0A2C7C97730010DE4D = {
						CreatedOnToolsVersion = 14.3;
					};
				};
			};
			buildConfigurationList = 8E995E062C7C97720010DE4D /* Build configuration list for PBXProject "AlamofirePOSTdemo" */;
			compatibilityVersion = "Xcode 14.0";
			developmentRegion = en;
			hasScannedForEncodings = 0;
			knownRegions = (
				en,
				Base,
			);
			mainGroup = 8E995E022C7C97720010DE4D;
			productRefGroup = 8E995E0C2C7C97730010DE4D /* Products */;
			projectDirPath = "";
			projectRoot = "";
			targets = (
				8E995E0A2C7C97730010DE4D /* AlamofirePOSTdemo */,
			);
		};
/* End PBXProject section */

/* Begin PBXResourcesBuildPhase section */
		8E995E092C7C97730010DE4D /* Resources */ = {
			isa = PBXResourcesBuildPhase;
			buildActionMask = 2147483647;
			files = (
				8E995E1B2C7C97790010DE4D /* LaunchScreen.storyboard in Resources */,
				8E995E182C7C97790010DE4D /* Assets.xcassets in Resources */,
				8E995E162C7C97730010DE4D /* Main.storyboard in Resources */,
			);
			runOnlyForDeploymentPostprocessing = 0;
		};
/* End PBXResourcesBuildPhase section */

/* Begin PBXShellScriptBuildPhase section */
		17F6F82573C7E86D714F0C95 /* [CP] Check Pods Manifest.lock */ = {
			isa = PBXShellScriptBuildPhase;
			buildActionMask = 2147483647;
			files = (
			);
			inputFileListPaths = (
			);
			inputPaths = (
				"${PODS_PODFILE_DIR_PATH}/Podfile.lock",
				"${PODS_ROOT}/Manifest.lock",
			);
			name = "[CP] Check Pods Manifest.lock";
			outputFileListPaths = (
			);
			outputPaths = (
				"$(DERIVED_FILE_DIR)/Pods-AlamofirePOSTdemo-checkManifestLockResult.txt",
			);
			runOnlyForDeploymentPostprocessing = 0;
			shellPath = /bin/sh;
			shellScript = "diff \"${PODS_PODFILE_DIR_PATH}/Podfile.lock\" \"${PODS_ROOT}/Manifest.lock\" > /dev/null\nif [ $? != 0 ] ; then\n    # print error to STDERR\n    echo \"error: The sandbox is not in sync with the Podfile.lock. Run 'pod install' or update your CocoaPods installation.\" >&2\n    exit 1\nfi\n# This output is used by Xcode 'outputs' to avoid re-running this script phase.\necho \"SUCCESS\" > \"${SCRIPT_OUTPUT_FILE_0}\"\n";
			showEnvVarsInLog = 0;
		};
		C247D30CB1F17F2BDB1F7678 /* [CP] Embed Pods Frameworks */ = {
			isa = PBXShellScriptBuildPhase;
			buildActionMask = 2147483647;
			files = (
			);
			inputFileListPaths = (
				"${PODS_ROOT}/Target Support Files/Pods-AlamofirePOSTdemo/Pods-AlamofirePOSTdemo-frameworks-${CONFIGURATION}-input-files.xcfilelist",
			);
			name = "[CP] Embed Pods Frameworks";
			outputFileListPaths = (
				"${PODS_ROOT}/Target Support Files/Pods-AlamofirePOSTdemo/Pods-AlamofirePOSTdemo-frameworks-${CONFIGURATION}-output-files.xcfilelist",
			);
			runOnlyForDeploymentPostprocessing = 0;
			shellPath = /bin/sh;
			shellScript = "\"${PODS_ROOT}/Target Support Files/Pods-AlamofirePOSTdemo/Pods-AlamofirePOSTdemo-frameworks.sh\"\n";
			showEnvVarsInLog = 0;
		};
/* End PBXShellScriptBuildPhase section */

/* Begin PBXSourcesBuildPhase section */
		8E995E072C7C97730010DE4D /* Sources */ = {
			isa = PBXSourcesBuildPhase;
			buildActionMask = 2147483647;
			files = (
				8E995E132C7C97730010DE4D /* ViewController.swift in Sources */,
				8E995E0F2C7C97730010DE4D /* AppDelegate.swift in Sources */,
				8E995E112C7C97730010DE4D /* SceneDelegate.swift in Sources */,
			);
			runOnlyForDeploymentPostprocessing = 0;
		};
/* End PBXSourcesBuildPhase section */

/* Begin PBXVariantGroup section */
		8E995E142C7C97730010DE4D /* Main.storyboard */ = {
			isa = PBXVariantGroup;
			children = (
				8E995E152C7C97730010DE4D /* Base */,
			);
			name = Main.storyboard;
			sourceTree = "<group>";
		};
		8E995E192C7C97790010DE4D /* LaunchScreen.storyboard */ = {
			isa = PBXVariantGroup;
			children = (
				8E995E1A2C7C97790010DE4D /* Base */,
			);
			name = LaunchScreen.storyboard;
			sourceTree = "<group>";
		};
/* End PBXVariantGroup section */

/* Begin XCBuildConfiguration section */
		8E995E1D2C7C97790010DE4D /* Debug */ = {
			isa = XCBuildConfiguration;
			buildSettings = {
				ALWAYS_SEARCH_USER_PATHS = NO;
				CLANG_ANALYZER_NONNULL = YES;
				CLANG_ANALYZER_NUMBER_OBJECT_CONVERSION = YES_AGGRESSIVE;
				CLANG_CXX_LANGUAGE_STANDARD = "gnu++20";
				CLANG_ENABLE_MODULES = YES;
				CLANG_ENABLE_OBJC_ARC = YES;
				CLANG_ENABLE_OBJC_WEAK = YES;
				CLANG_WARN_BLOCK_CAPTURE_AUTORELEASING = YES;
				CLANG_WARN_BOOL_CONVERSION = YES;
				CLANG_WARN_COMMA = YES;
				CLANG_WARN_CONSTANT_CONVERSION = YES;
				CLANG_WARN_DEPRECATED_OBJC_IMPLEMENTATIONS = YES;
				CLANG_WARN_DIRECT_OBJC_ISA_USAGE = YES_ERROR;
				CLANG_WARN_DOCUMENTATION_COMMENTS = YES;
				CLANG_WARN_EMPTY_BODY = YES;
				CLANG_WARN_ENUM_CONVERSION = YES;
				CLANG_WARN_INFINITE_RECURSION = YES;
				CLANG_WARN_INT_CONVERSION = YES;
				CLANG_WARN_NON_LITERAL_NULL_CONVERSION = YES;
				CLANG_WARN_OBJC_IMPLICIT_RETAIN_SELF = YES;
				CLANG_WARN_OBJC_LITERAL_CONVERSION = YES;
				CLANG_WARN_OBJC_ROOT_CLASS = YES_ERROR;
				CLANG_WARN_QUOTED_INCLUDE_IN_FRAMEWORK_HEADER = YES;
				CLANG_WARN_RANGE_LOOP_ANALYSIS = YES;
				CLANG_WARN_STRICT_PROTOTYPES = YES;
				CLANG_WARN_SUSPICIOUS_MOVE = YES;
				CLANG_WARN_UNGUARDED_AVAILABILITY = YES_AGGRESSIVE;
				CLANG_WARN_UNREACHABLE_CODE = YES;
				CLANG_WARN__DUPLICATE_METHOD_MATCH = YES;
				COPY_PHASE_STRIP = NO;
				DEBUG_INFORMATION_FORMAT = dwarf;
				ENABLE_STRICT_OBJC_MSGSEND = YES;
				ENABLE_TESTABILITY = YES;
				GCC_C_LANGUAGE_STANDARD = gnu11;
				GCC_DYNAMIC_NO_PIC = NO;
				GCC_NO_COMMON_BLOCKS = YES;
				GCC_OPTIMIZATION_LEVEL = 0;
				GCC_PREPROCESSOR_DEFINITIONS = (
					"DEBUG=1",
					"$(inherited)",
				);
				GCC_WARN_64_TO_32_BIT_CONVERSION = YES;
				GCC_WARN_ABOUT_RETURN_TYPE = YES_ERROR;
				GCC_WARN_UNDECLARED_SELECTOR = YES;
				GCC_WARN_UNINITIALIZED_AUTOS = YES_AGGRESSIVE;
				GCC_WARN_UNUSED_FUNCTION = YES;
				GCC_WARN_UNUSED_VARIABLE = YES;
				IPHONEOS_DEPLOYMENT_TARGET = 16.4;
				MTL_ENABLE_DEBUG_INFO = INCLUDE_SOURCE;
				MTL_FAST_MATH = YES;
				ONLY_ACTIVE_ARCH = YES;
				SDKROOT = iphoneos;
				SWIFT_ACTIVE_COMPILATION_CONDITIONS = DEBUG;
				SWIFT_OPTIMIZATION_LEVEL = "-Onone";
			};
			name = Debug;
		};
		8E995E1E2C7C97790010DE4D /* Release */ = {
			isa = XCBuildConfiguration;
			buildSettings = {
				ALWAYS_SEARCH_USER_PATHS = NO;
				CLANG_ANALYZER_NONNULL = YES;
				CLANG_ANALYZER_NUMBER_OBJECT_CONVERSION = YES_AGGRESSIVE;
				CLANG_CXX_LANGUAGE_STANDARD = "gnu++20";
				CLANG_ENABLE_MODULES = YES;
				CLANG_ENABLE_OBJC_ARC = YES;
				CLANG_ENABLE_OBJC_WEAK = YES;
				CLANG_WARN_BLOCK_CAPTURE_AUTORELEASING = YES;
				CLANG_WARN_BOOL_CONVERSION = YES;
				CLANG_WARN_COMMA = YES;
				CLANG_WARN_CONSTANT_CONVERSION = YES;
				CLANG_WARN_DEPRECATED_OBJC_IMPLEMENTATIONS = YES;
				CLANG_WARN_DIRECT_OBJC_ISA_USAGE = YES_ERROR;
				CLANG_WARN_DOCUMENTATION_COMMENTS = YES;
				CLANG_WARN_EMPTY_BODY = YES;
				CLANG_WARN_ENUM_CONVERSION = YES;
				CLANG_WARN_INFINITE_RECURSION = YES;
				CLANG_WARN_INT_CONVERSION = YES;
				CLANG_WARN_NON_LITERAL_NULL_CONVERSION = YES;
				CLANG_WARN_OBJC_IMPLICIT_RETAIN_SELF = YES;
				CLANG_WARN_OBJC_LITERAL_CONVERSION = YES;
				CLANG_WARN_OBJC_ROOT_CLASS = YES_ERROR;
				CLANG_WARN_QUOTED_INCLUDE_IN_FRAMEWORK_HEADER = YES;
				CLANG_WARN_RANGE_LOOP_ANALYSIS = YES;
				CLANG_WARN_STRICT_PROTOTYPES = YES;
				CLANG_WARN_SUSPICIOUS_MOVE = YES;
				CLANG_WARN_UNGUARDED_AVAILABILITY = YES_AGGRESSIVE;
				CLANG_WARN_UNREACHABLE_CODE = YES;
				CLANG_WARN__DUPLICATE_METHOD_MATCH = YES;
				COPY_PHASE_STRIP = NO;
				DEBUG_INFORMATION_FORMAT = "dwarf-with-dsym";
				ENABLE_NS_ASSERTIONS = NO;
				ENABLE_STRICT_OBJC_MSGSEND = YES;
				GCC_C_LANGUAGE_STANDARD = gnu11;
				GCC_NO_COMMON_BLOCKS = YES;
				GCC_WARN_64_TO_32_BIT_CONVERSION = YES;
				GCC_WARN_ABOUT_RETURN_TYPE = YES_ERROR;
				GCC_WARN_UNDECLARED_SELECTOR = YES;
				GCC_WARN_UNINITIALIZED_AUTOS = YES_AGGRESSIVE;
				GCC_WARN_UNUSED_FUNCTION = YES;
				GCC_WARN_UNUSED_VARIABLE = YES;
				IPHONEOS_DEPLOYMENT_TARGET = 16.4;
				MTL_ENABLE_DEBUG_INFO = NO;
				MTL_FAST_MATH = YES;
				SDKROOT = iphoneos;
				SWIFT_COMPILATION_MODE = wholemodule;
				SWIFT_OPTIMIZATION_LEVEL = "-O";
				VALIDATE_PRODUCT = YES;
			};
			name = Release;
		};
		8E995E202C7C97790010DE4D /* Debug */ = {
			isa = XCBuildConfiguration;
			baseConfigurationReference = 71CA28D2086AE58186CFDC9C /* Pods-AlamofirePOSTdemo.debug.xcconfig */;
			buildSettings = {
				ASSETCATALOG_COMPILER_APPICON_NAME = AppIcon;
				ASSETCATALOG_COMPILER_GLOBAL_ACCENT_COLOR_NAME = AccentColor;
				CODE_SIGN_STYLE = Automatic;
				CURRENT_PROJECT_VERSION = 1;
				DEVELOPMENT_TEAM = N92Q5GU85U;
				GENERATE_INFOPLIST_FILE = YES;
				INFOPLIST_FILE = AlamofirePOSTdemo/Info.plist;
				INFOPLIST_KEY_UIApplicationSupportsIndirectInputEvents = YES;
				INFOPLIST_KEY_UILaunchStoryboardName = LaunchScreen;
				INFOPLIST_KEY_UIMainStoryboardFile = Main;
				INFOPLIST_KEY_UISupportedInterfaceOrientations_iPad = "UIInterfaceOrientationPortrait UIInterfaceOrientationPortraitUpsideDown UIInterfaceOrientationLandscapeLeft UIInterfaceOrientationLandscapeRight";
				INFOPLIST_KEY_UISupportedInterfaceOrientations_iPhone = "UIInterfaceOrientationPortrait UIInterfaceOrientationLandscapeLeft UIInterfaceOrientationLandscapeRight";
				LD_RUNPATH_SEARCH_PATHS = (
					"$(inherited)",
					"@executable_path/Frameworks",
				);
				MARKETING_VERSION = 1.0;
				PRODUCT_BUNDLE_IDENTIFIER = practise.AlamofirePOSTdemo;
				PRODUCT_NAME = "$(TARGET_NAME)";
				SWIFT_EMIT_LOC_STRINGS = YES;
				SWIFT_VERSION = 5.0;
				TARGETED_DEVICE_FAMILY = "1,2";
			};
			name = Debug;
		};
		8E995E212C7C97790010DE4D /* Release */ = {
			isa = XCBuildConfiguration;
			baseConfigurationReference = 069AC8BB704FE0CEE9F5B7E8 /* Pods-AlamofirePOSTdemo.release.xcconfig */;
			buildSettings = {
				ASSETCATALOG_COMPILER_APPICON_NAME = AppIcon;
				ASSETCATALOG_COMPILER_GLOBAL_ACCENT_COLOR_NAME = AccentColor;
				CODE_SIGN_STYLE = Automatic;
				CURRENT_PROJECT_VERSION = 1;
				DEVELOPMENT_TEAM = N92Q5GU85U;
				GENERATE_INFOPLIST_FILE = YES;
				INFOPLIST_FILE = AlamofirePOSTdemo/Info.plist;
				INFOPLIST_KEY_UIApplicationSupportsIndirectInputEvents = YES;
				INFOPLIST_KEY_UILaunchStoryboardName = LaunchScreen;
				INFOPLIST_KEY_UIMainStoryboardFile = Main;
				INFOPLIST_KEY_UISupportedInterfaceOrientations_iPad = "UIInterfaceOrientationPortrait UIInterfaceOrientationPortraitUpsideDown UIInterfaceOrientationLandscapeLeft UIInterfaceOrientationLandscapeRight";
				INFOPLIST_KEY_UISupportedInterfaceOrientations_iPhone = "UIInterfaceOrientationPortrait UIInterfaceOrientationLandscapeLeft UIInterfaceOrientationLandscapeRight";
				LD_RUNPATH_SEARCH_PATHS = (
					"$(inherited)",
					"@executable_path/Frameworks",
				);
				MARKETING_VERSION = 1.0;
				PRODUCT_BUNDLE_IDENTIFIER = practise.AlamofirePOSTdemo;
				PRODUCT_NAME = "$(TARGET_NAME)";
				SWIFT_EMIT_LOC_STRINGS = YES;
				SWIFT_VERSION = 5.0;
				TARGETED_DEVICE_FAMILY = "1,2";
			};
			name = Release;
		};
/* End XCBuildConfiguration section */

/* Begin XCConfigurationList section */
		8E995E062C7C97720010DE4D /* Build configuration list for PBXProject "AlamofirePOSTdemo" */ = {
			isa = XCConfigurationList;
			buildConfigurations = (
				8E995E1D2C7C97790010DE4D /* Debug */,
				8E995E1E2C7C97790010DE4D /* Release */,
			);
			defaultConfigurationIsVisible = 0;
			defaultConfigurationName = Release;
		};
		8E995E1F2C7C97790010DE4D /* Build configuration list for PBXNativeTarget "AlamofirePOSTdemo" */ = {
			isa = XCConfigurationList;
			buildConfigurations = (
				8E995E202C7C97790010DE4D /* Debug */,
				8E995E212C7C97790010DE4D /* Release */,
			);
			defaultConfigurationIsVisible = 0;
			defaultConfigurationName = Release;
		};
/* End XCConfigurationList section */
	};
	rootObject = 8E995E032C7C97720010DE4D /* Project object */;
}
