// !$*UTF8*$!
{
	archiveVersion = 1;
	classes = {
	};
	objectVersion = 56;
	objects = {

/* Begin PBXBuildFile section */
		8E04A1772C7741D70098B66A /* AppDelegate.swift in Sources */ = {isa = PBXBuildFile; fileRef = 8E04A1762C7741D70098B66A /* AppDelegate.swift */; };
		8E04A1792C7741D70098B66A /* SceneDelegate.swift in Sources */ = {isa = PBXBuildFile; fileRef = 8E04A1782C7741D70098B66A /* SceneDelegate.swift */; };
		8E04A17B2C7741D70098B66A /* ViewController.swift in Sources */ = {isa = PBXBuildFile; fileRef = 8E04A17A2C7741D70098B66A /* ViewController.swift */; };
		8E04A17E2C7741D70098B66A /* Main.storyboard in Resources */ = {isa = PBXBuildFile; fileRef = 8E04A17C2C7741D70098B66A /* Main.storyboard */; };
		8E04A1802C7741DA0098B66A /* Assets.xcassets in Resources */ = {isa = PBXBuildFile; fileRef = 8E04A17F2C7741DA0098B66A /* Assets.xcassets */; };
		8E04A1832C7741DA0098B66A /* LaunchScreen.storyboard in Resources */ = {isa = PBXBuildFile; fileRef = 8E04A1812C7741DA0098B66A /* LaunchScreen.storyboard */; };
		8E04A18B2C77423A0098B66A /* ApiResponse.swift in Sources */ = {isa = PBXBuildFile; fileRef = 8E04A18A2C77423A0098B66A /* ApiResponse.swift */; };
		8E04A18D2C77431F0098B66A /* ProductCollectionViewCell.swift in Sources */ = {isa = PBXBuildFile; fileRef = 8E04A18C2C77431F0098B66A /* ProductCollectionViewCell.swift */; };
		8E995DFD2C7C46D90010DE4D /* TableViewController.swift in Sources */ = {isa = PBXBuildFile; fileRef = 8E995DFC2C7C46D90010DE4D /* TableViewController.swift */; };
		8E995E002C7C47670010DE4D /* TableViewCell.swift in Sources */ = {isa = PBXBuildFile; fileRef = 8E995DFE2C7C47670010DE4D /* TableViewCell.swift */; };
		8E995E012C7C47670010DE4D /* TableViewCell.xib in Resources */ = {isa = PBXBuildFile; fileRef = 8E995DFF2C7C47670010DE4D /* TableViewCell.xib */; };
		C6F9A1B783D5961BFCBCC014 /* Pods_CollectionViewDemo.framework in Frameworks */ = {isa = PBXBuildFile; fileRef = F773C4975FC42FD8917AB1F4 /* Pods_CollectionViewDemo.framework */; };
/* End PBXBuildFile section */

/* Begin PBXFileReference section */
		353D2BA01B91226B330D28C2 /* Pods-CollectionViewDemo.debug.xcconfig */ = {isa = PBXFileReference; includeInIndex = 1; lastKnownFileType = text.xcconfig; name = "Pods-CollectionViewDemo.debug.xcconfig"; path = "Target Support Files/Pods-CollectionViewDemo/Pods-CollectionViewDemo.debug.xcconfig"; sourceTree = "<group>"; };
		50C8A26BD0090766C3742667 /* Pods-CollectionViewDemo.release.xcconfig */ = {isa = PBXFileReference; includeInIndex = 1; lastKnownFileType = text.xcconfig; name = "Pods-CollectionViewDemo.release.xcconfig"; path = "Target Support Files/Pods-CollectionViewDemo/Pods-CollectionViewDemo.release.xcconfig"; sourceTree = "<group>"; };
		8E04A1732C7741D70098B66A /* CollectionViewDemo.app */ = {isa = PBXFileReference; explicitFileType = wrapper.application; includeInIndex = 0; path = CollectionViewDemo.app; sourceTree = BUILT_PRODUCTS_DIR; };
		8E04A1762C7741D70098B66A /* AppDelegate.swift */ = {isa = PBXFileReference; lastKnownFileType = sourcecode.swift; path = AppDelegate.swift; sourceTree = "<group>"; };
		8E04A1782C7741D70098B66A /* SceneDelegate.swift */ = {isa = PBXFileReference; lastKnownFileType = sourcecode.swift; path = SceneDelegate.swift; sourceTree = "<group>"; };
		8E04A17A2C7741D70098B66A /* ViewController.swift */ = {isa = PBXFileReference; lastKnownFileType = sourcecode.swift; path = ViewController.swift; sourceTree = "<group>"; };
		8E04A17D2C7741D70098B66A /* Base */ = {isa = PBXFileReference; lastKnownFileType = file.storyboard; name = Base; path = Base.lproj/Main.storyboard; sourceTree = "<group>"; };
		8E04A17F2C7741DA0098B66A /* Assets.xcassets */ = {isa = PBXFileReference; lastKnownFileType = folder.assetcatalog; path = Assets.xcassets; sourceTree = "<group>"; };
		8E04A1822C7741DA0098B66A /* Base */ = {isa = PBXFileReference; lastKnownFileType = file.storyboard; name = Base; path = Base.lproj/LaunchScreen.storyboard; sourceTree = "<group>"; };
		8E04A1842C7741DA0098B66A /* Info.plist */ = {isa = PBXFileReference; lastKnownFileType = text.plist.xml; path = Info.plist; sourceTree = "<group>"; };
		8E04A18A2C77423A0098B66A /* ApiResponse.swift */ = {isa = PBXFileReference; lastKnownFileType = sourcecode.swift; path = ApiResponse.swift; sourceTree = "<group>"; };
		8E04A18C2C77431F0098B66A /* ProductCollectionViewCell.swift */ = {isa = PBXFileReference; lastKnownFileType = sourcecode.swift; path = ProductCollectionViewCell.swift; sourceTree = "<group>"; };
		8E995DFC2C7C46D90010DE4D /* TableViewController.swift */ = {isa = PBXFileReference; lastKnownFileType = sourcecode.swift; path = TableViewController.swift; sourceTree = "<group>"; };
		8E995DFE2C7C47670010DE4D /* TableViewCell.swift */ = {isa = PBXFileReference; lastKnownFileType = sourcecode.swift; path = TableViewCell.swift; sourceTree = "<group>"; };
		8E995DFF2C7C47670010DE4D /* TableViewCell.xib */ = {isa = PBXFileReference; lastKnownFileType = file.xib; path = TableViewCell.xib; sourceTree = "<group>"; };
		F773C4975FC42FD8917AB1F4 /* Pods_CollectionViewDemo.framework */ = {isa = PBXFileReference; explicitFileType = wrapper.framework; includeInIndex = 0; path = Pods_CollectionViewDemo.framework; sourceTree = BUILT_PRODUCTS_DIR; };
/* End PBXFileReference section */

/* Begin PBXFrameworksBuildPhase section */
		8E04A1702C7741D70098B66A /* Frameworks */ = {
			isa = PBXFrameworksBuildPhase;
			buildActionMask = 2147483647;
			files = (
				C6F9A1B783D5961BFCBCC014 /* Pods_CollectionViewDemo.framework in Frameworks */,
			);
			runOnlyForDeploymentPostprocessing = 0;
		};
/* End PBXFrameworksBuildPhase section */

/* Begin PBXGroup section */
		0EB862947F69964B7D7880E8 /* Frameworks */ = {
			isa = PBXGroup;
			children = (
				F773C4975FC42FD8917AB1F4 /* Pods_CollectionViewDemo.framework */,
			);
			name = Frameworks;
			sourceTree = "<group>";
		};
		7B67EE88F58A844E2F1CA58E /* Pods */ = {
			isa = PBXGroup;
			children = (
				353D2BA01B91226B330D28C2 /* Pods-CollectionViewDemo.debug.xcconfig */,
				50C8A26BD0090766C3742667 /* Pods-CollectionViewDemo.release.xcconfig */,
			);
			path = Pods;
			sourceTree = "<group>";
		};
		8E04A16A2C7741D70098B66A = {
			isa = PBXGroup;
			children = (
				8E04A1752C7741D70098B66A /* CollectionViewDemo */,
				8E04A1742C7741D70098B66A /* Products */,
				7B67EE88F58A844E2F1CA58E /* Pods */,
				0EB862947F69964B7D7880E8 /* Frameworks */,
			);
			sourceTree = "<group>";
		};
		8E04A1742C7741D70098B66A /* Products */ = {
			isa = PBXGroup;
			children = (
				8E04A1732C7741D70098B66A /* CollectionViewDemo.app */,
			);
			name = Products;
			sourceTree = "<group>";
		};
		8E04A1752C7741D70098B66A /* CollectionViewDemo */ = {
			isa = PBXGroup;
			children = (
				8E04A1762C7741D70098B66A /* AppDelegate.swift */,
				8E04A1782C7741D70098B66A /* SceneDelegate.swift */,
				8E04A17A2C7741D70098B66A /* ViewController.swift */,
				8E04A17C2C7741D70098B66A /* Main.storyboard */,
				8E04A17F2C7741DA0098B66A /* Assets.xcassets */,
				8E04A1812C7741DA0098B66A /* LaunchScreen.storyboard */,
				8E04A1842C7741DA0098B66A /* Info.plist */,
				8E04A18A2C77423A0098B66A /* ApiResponse.swift */,
				8E04A18C2C77431F0098B66A /* ProductCollectionViewCell.swift */,
				8E995DFC2C7C46D90010DE4D /* TableViewController.swift */,
				8E995DFE2C7C47670010DE4D /* TableViewCell.swift */,
				8E995DFF2C7C47670010DE4D /* TableViewCell.xib */,
			);
			path = CollectionViewDemo;
			sourceTree = "<group>";
		};
/* End PBXGroup section */

/* Begin PBXNativeTarget section */
		8E04A1722C7741D70098B66A /* CollectionViewDemo */ = {
			isa = PBXNativeTarget;
			buildConfigurationList = 8E04A1872C7741DA0098B66A /* Build configuration list for PBXNativeTarget "CollectionViewDemo" */;
			buildPhases = (
				2E8376F25C8EADB7D0C58A4F /* [CP] Check Pods Manifest.lock */,
				8E04A16F2C7741D70098B66A /* Sources */,
				8E04A1702C7741D70098B66A /* Frameworks */,
				8E04A1712C7741D70098B66A /* Resources */,
				EEA1A72AE64EA413C0EB86D7 /* [CP] Embed Pods Frameworks */,
			);
			buildRules = (
			);
			dependencies = (
			);
			name = CollectionViewDemo;
			productName = CollectionViewDemo;
			productReference = 8E04A1732C7741D70098B66A /* CollectionViewDemo.app */;
			productType = "com.apple.product-type.application";
		};
/* End PBXNativeTarget section */

/* Begin PBXProject section */
		8E04A16B2C7741D70098B66A /* Project object */ = {
			isa = PBXProject;
			attributes = {
				BuildIndependentTargetsInParallel = 1;
				LastSwiftUpdateCheck = 1430;
				LastUpgradeCheck = 1430;
				TargetAttributes = {
					8E04A1722C7741D70098B66A = {
						CreatedOnToolsVersion = 14.3;
					};
				};
			};
			buildConfigurationList = 8E04A16E2C7741D70098B66A /* Build configuration list for PBXProject "CollectionViewDemo" */;
			compatibilityVersion = "Xcode 14.0";
			developmentRegion = en;
			hasScannedForEncodings = 0;
			knownRegions = (
				en,
				Base,
			);
			mainGroup = 8E04A16A2C7741D70098B66A;
			productRefGroup = 8E04A1742C7741D70098B66A /* Products */;
			projectDirPath = "";
			projectRoot = "";
			targets = (
				8E04A1722C7741D70098B66A /* CollectionViewDemo */,
			);
		};
/* End PBXProject section */

/* Begin PBXResourcesBuildPhase section */
		8E04A1712C7741D70098B66A /* Resources */ = {
			isa = PBXResourcesBuildPhase;
			buildActionMask = 2147483647;
			files = (
				8E04A1832C7741DA0098B66A /* LaunchScreen.storyboard in Resources */,
				8E995E012C7C47670010DE4D /* TableViewCell.xib in Resources */,
				8E04A1802C7741DA0098B66A /* Assets.xcassets in Resources */,
				8E04A17E2C7741D70098B66A /* Main.storyboard in Resources */,
			);
			runOnlyForDeploymentPostprocessing = 0;
		};
/* End PBXResourcesBuildPhase section */

/* Begin PBXShellScriptBuildPhase section */
		2E8376F25C8EADB7D0C58A4F /* [CP] Check Pods Manifest.lock */ = {
			isa = PBXShellScriptBuildPhase;
			buildActionMask = 2147483647;
			files = (
			);
			inputFileListPaths = (
			);
			inputPaths = (
				"${PODS_PODFILE_DIR_PATH}/Podfile.lock",
				"${PODS_ROOT}/Manifest.lock",
			);
			name = "[CP] Check Pods Manifest.lock";
			outputFileListPaths = (
			);
			outputPaths = (
				"$(DERIVED_FILE_DIR)/Pods-CollectionViewDemo-checkManifestLockResult.txt",
			);
			runOnlyForDeploymentPostprocessing = 0;
			shellPath = /bin/sh;
			shellScript = "diff \"${PODS_PODFILE_DIR_PATH}/Podfile.lock\" \"${PODS_ROOT}/Manifest.lock\" > /dev/null\nif [ $? != 0 ] ; then\n    # print error to STDERR\n    echo \"error: The sandbox is not in sync with the Podfile.lock. Run 'pod install' or update your CocoaPods installation.\" >&2\n    exit 1\nfi\n# This output is used by Xcode 'outputs' to avoid re-running this script phase.\necho \"SUCCESS\" > \"${SCRIPT_OUTPUT_FILE_0}\"\n";
			showEnvVarsInLog = 0;
		};
		EEA1A72AE64EA413C0EB86D7 /* [CP] Embed Pods Frameworks */ = {
			isa = PBXShellScriptBuildPhase;
			buildActionMask = 2147483647;
			files = (
			);
			inputFileListPaths = (
				"${PODS_ROOT}/Target Support Files/Pods-CollectionViewDemo/Pods-CollectionViewDemo-frameworks-${CONFIGURATION}-input-files.xcfilelist",
			);
			name = "[CP] Embed Pods Frameworks";
			outputFileListPaths = (
				"${PODS_ROOT}/Target Support Files/Pods-CollectionViewDemo/Pods-CollectionViewDemo-frameworks-${CONFIGURATION}-output-files.xcfilelist",
			);
			runOnlyForDeploymentPostprocessing = 0;
			shellPath = /bin/sh;
			shellScript = "\"${PODS_ROOT}/Target Support Files/Pods-CollectionViewDemo/Pods-CollectionViewDemo-frameworks.sh\"\n";
			showEnvVarsInLog = 0;
		};
/* End PBXShellScriptBuildPhase section */

/* Begin PBXSourcesBuildPhase section */
		8E04A16F2C7741D70098B66A /* Sources */ = {
			isa = PBXSourcesBuildPhase;
			buildActionMask = 2147483647;
			files = (
				8E04A17B2C7741D70098B66A /* ViewController.swift in Sources */,
				8E995DFD2C7C46D90010DE4D /* TableViewController.swift in Sources */,
				8E04A18B2C77423A0098B66A /* ApiResponse.swift in Sources */,
				8E04A18D2C77431F0098B66A /* ProductCollectionViewCell.swift in Sources */,
				8E04A1772C7741D70098B66A /* AppDelegate.swift in Sources */,
				8E995E002C7C47670010DE4D /* TableViewCell.swift in Sources */,
				8E04A1792C7741D70098B66A /* SceneDelegate.swift in Sources */,
			);
			runOnlyForDeploymentPostprocessing = 0;
		};
/* End PBXSourcesBuildPhase section */

/* Begin PBXVariantGroup section */
		8E04A17C2C7741D70098B66A /* Main.storyboard */ = {
			isa = PBXVariantGroup;
			children = (
				8E04A17D2C7741D70098B66A /* Base */,
			);
			name = Main.storyboard;
			sourceTree = "<group>";
		};
		8E04A1812C7741DA0098B66A /* LaunchScreen.storyboard */ = {
			isa = PBXVariantGroup;
			children = (
				8E04A1822C7741DA0098B66A /* Base */,
			);
			name = LaunchScreen.storyboard;
			sourceTree = "<group>";
		};
/* End PBXVariantGroup section */

/* Begin XCBuildConfiguration section */
		8E04A1852C7741DA0098B66A /* Debug */ = {
			isa = XCBuildConfiguration;
			buildSettings = {
				ALWAYS_SEARCH_USER_PATHS = NO;
				CLANG_ANALYZER_NONNULL = YES;
				CLANG_ANALYZER_NUMBER_OBJECT_CONVERSION = YES_AGGRESSIVE;
				CLANG_CXX_LANGUAGE_STANDARD = "gnu++20";
				CLANG_ENABLE_MODULES = YES;
				CLANG_ENABLE_OBJC_ARC = YES;
				CLANG_ENABLE_OBJC_WEAK = YES;
				CLANG_WARN_BLOCK_CAPTURE_AUTORELEASING = YES;
				CLANG_WARN_BOOL_CONVERSION = YES;
				CLANG_WARN_COMMA = YES;
				CLANG_WARN_CONSTANT_CONVERSION = YES;
				CLANG_WARN_DEPRECATED_OBJC_IMPLEMENTATIONS = YES;
				CLANG_WARN_DIRECT_OBJC_ISA_USAGE = YES_ERROR;
				CLANG_WARN_DOCUMENTATION_COMMENTS = YES;
				CLANG_WARN_EMPTY_BODY = YES;
				CLANG_WARN_ENUM_CONVERSION = YES;
				CLANG_WARN_INFINITE_RECURSION = YES;
				CLANG_WARN_INT_CONVERSION = YES;
				CLANG_WARN_NON_LITERAL_NULL_CONVERSION = YES;
				CLANG_WARN_OBJC_IMPLICIT_RETAIN_SELF = YES;
				CLANG_WARN_OBJC_LITERAL_CONVERSION = YES;
				CLANG_WARN_OBJC_ROOT_CLASS = YES_ERROR;
				CLANG_WARN_QUOTED_INCLUDE_IN_FRAMEWORK_HEADER = YES;
				CLANG_WARN_RANGE_LOOP_ANALYSIS = YES;
				CLANG_WARN_STRICT_PROTOTYPES = YES;
				CLANG_WARN_SUSPICIOUS_MOVE = YES;
				CLANG_WARN_UNGUARDED_AVAILABILITY = YES_AGGRESSIVE;
				CLANG_WARN_UNREACHABLE_CODE = YES;
				CLANG_WARN__DUPLICATE_METHOD_MATCH = YES;
				COPY_PHASE_STRIP = NO;
				DEBUG_INFORMATION_FORMAT = dwarf;
				ENABLE_STRICT_OBJC_MSGSEND = YES;
				ENABLE_TESTABILITY = YES;
				GCC_C_LANGUAGE_STANDARD = gnu11;
				GCC_DYNAMIC_NO_PIC = NO;
				GCC_NO_COMMON_BLOCKS = YES;
				GCC_OPTIMIZATION_LEVEL = 0;
				GCC_PREPROCESSOR_DEFINITIONS = (
					"DEBUG=1",
					"$(inherited)",
				);
				GCC_WARN_64_TO_32_BIT_CONVERSION = YES;
				GCC_WARN_ABOUT_RETURN_TYPE = YES_ERROR;
				GCC_WARN_UNDECLARED_SELECTOR = YES;
				GCC_WARN_UNINITIALIZED_AUTOS = YES_AGGRESSIVE;
				GCC_WARN_UNUSED_FUNCTION = YES;
				GCC_WARN_UNUSED_VARIABLE = YES;
				IPHONEOS_DEPLOYMENT_TARGET = 16.4;
				MTL_ENABLE_DEBUG_INFO = INCLUDE_SOURCE;
				MTL_FAST_MATH = YES;
				ONLY_ACTIVE_ARCH = YES;
				SDKROOT = iphoneos;
				SWIFT_ACTIVE_COMPILATION_CONDITIONS = DEBUG;
				SWIFT_OPTIMIZATION_LEVEL = "-Onone";
			};
			name = Debug;
		};
		8E04A1862C7741DA0098B66A /* Release */ = {
			isa = XCBuildConfiguration;
			buildSettings = {
				ALWAYS_SEARCH_USER_PATHS = NO;
				CLANG_ANALYZER_NONNULL = YES;
				CLANG_ANALYZER_NUMBER_OBJECT_CONVERSION = YES_AGGRESSIVE;
				CLANG_CXX_LANGUAGE_STANDARD = "gnu++20";
				CLANG_ENABLE_MODULES = YES;
				CLANG_ENABLE_OBJC_ARC = YES;
				CLANG_ENABLE_OBJC_WEAK = YES;
				CLANG_WARN_BLOCK_CAPTURE_AUTORELEASING = YES;
				CLANG_WARN_BOOL_CONVERSION = YES;
				CLANG_WARN_COMMA = YES;
				CLANG_WARN_CONSTANT_CONVERSION = YES;
				CLANG_WARN_DEPRECATED_OBJC_IMPLEMENTATIONS = YES;
				CLANG_WARN_DIRECT_OBJC_ISA_USAGE = YES_ERROR;
				CLANG_WARN_DOCUMENTATION_COMMENTS = YES;
				CLANG_WARN_EMPTY_BODY = YES;
				CLANG_WARN_ENUM_CONVERSION = YES;
				CLANG_WARN_INFINITE_RECURSION = YES;
				CLANG_WARN_INT_CONVERSION = YES;
				CLANG_WARN_NON_LITERAL_NULL_CONVERSION = YES;
				CLANG_WARN_OBJC_IMPLICIT_RETAIN_SELF = YES;
				CLANG_WARN_OBJC_LITERAL_CONVERSION = YES;
				CLANG_WARN_OBJC_ROOT_CLASS = YES_ERROR;
				CLANG_WARN_QUOTED_INCLUDE_IN_FRAMEWORK_HEADER = YES;
				CLANG_WARN_RANGE_LOOP_ANALYSIS = YES;
				CLANG_WARN_STRICT_PROTOTYPES = YES;
				CLANG_WARN_SUSPICIOUS_MOVE = YES;
				CLANG_WARN_UNGUARDED_AVAILABILITY = YES_AGGRESSIVE;
				CLANG_WARN_UNREACHABLE_CODE = YES;
				CLANG_WARN__DUPLICATE_METHOD_MATCH = YES;
				COPY_PHASE_STRIP = NO;
				DEBUG_INFORMATION_FORMAT = "dwarf-with-dsym";
				ENABLE_NS_ASSERTIONS = NO;
				ENABLE_STRICT_OBJC_MSGSEND = YES;
				GCC_C_LANGUAGE_STANDARD = gnu11;
				GCC_NO_COMMON_BLOCKS = YES;
				GCC_WARN_64_TO_32_BIT_CONVERSION = YES;
				GCC_WARN_ABOUT_RETURN_TYPE = YES_ERROR;
				GCC_WARN_UNDECLARED_SELECTOR = YES;
				GCC_WARN_UNINITIALIZED_AUTOS = YES_AGGRESSIVE;
				GCC_WARN_UNUSED_FUNCTION = YES;
				GCC_WARN_UNUSED_VARIABLE = YES;
				IPHONEOS_DEPLOYMENT_TARGET = 16.4;
				MTL_ENABLE_DEBUG_INFO = NO;
				MTL_FAST_MATH = YES;
				SDKROOT = iphoneos;
				SWIFT_COMPILATION_MODE = wholemodule;
				SWIFT_OPTIMIZATION_LEVEL = "-O";
				VALIDATE_PRODUCT = YES;
			};
			name = Release;
		};
		8E04A1882C7741DA0098B66A /* Debug */ = {
			isa = XCBuildConfiguration;
			baseConfigurationReference = 353D2BA01B91226B330D28C2 /* Pods-CollectionViewDemo.debug.xcconfig */;
			buildSettings = {
				ASSETCATALOG_COMPILER_APPICON_NAME = AppIcon;
				ASSETCATALOG_COMPILER_GLOBAL_ACCENT_COLOR_NAME = AccentColor;
				CODE_SIGN_STYLE = Automatic;
				CURRENT_PROJECT_VERSION = 1;
				DEVELOPMENT_TEAM = N92Q5GU85U;
				GENERATE_INFOPLIST_FILE = YES;
				INFOPLIST_FILE = CollectionViewDemo/Info.plist;
				INFOPLIST_KEY_UIApplicationSupportsIndirectInputEvents = YES;
				INFOPLIST_KEY_UILaunchStoryboardName = LaunchScreen;
				INFOPLIST_KEY_UIMainStoryboardFile = Main;
				INFOPLIST_KEY_UISupportedInterfaceOrientations_iPad = "UIInterfaceOrientationPortrait UIInterfaceOrientationPortraitUpsideDown UIInterfaceOrientationLandscapeLeft UIInterfaceOrientationLandscapeRight";
				INFOPLIST_KEY_UISupportedInterfaceOrientations_iPhone = "UIInterfaceOrientationPortrait UIInterfaceOrientationLandscapeLeft UIInterfaceOrientationLandscapeRight";
				LD_RUNPATH_SEARCH_PATHS = (
					"$(inherited)",
					"@executable_path/Frameworks",
				);
				MARKETING_VERSION = 1.0;
				PRODUCT_BUNDLE_IDENTIFIER = practise.CollectionViewDemo;
				PRODUCT_NAME = "$(TARGET_NAME)";
				SWIFT_EMIT_LOC_STRINGS = YES;
				SWIFT_VERSION = 5.0;
				TARGETED_DEVICE_FAMILY = "1,2";
			};
			name = Debug;
		};
		8E04A1892C7741DA0098B66A /* Release */ = {
			isa = XCBuildConfiguration;
			baseConfigurationReference = 50C8A26BD0090766C3742667 /* Pods-CollectionViewDemo.release.xcconfig */;
			buildSettings = {
				ASSETCATALOG_COMPILER_APPICON_NAME = AppIcon;
				ASSETCATALOG_COMPILER_GLOBAL_ACCENT_COLOR_NAME = AccentColor;
				CODE_SIGN_STYLE = Automatic;
				CURRENT_PROJECT_VERSION = 1;
				DEVELOPMENT_TEAM = N92Q5GU85U;
				GENERATE_INFOPLIST_FILE = YES;
				INFOPLIST_FILE = CollectionViewDemo/Info.plist;
				INFOPLIST_KEY_UIApplicationSupportsIndirectInputEvents = YES;
				INFOPLIST_KEY_UILaunchStoryboardName = LaunchScreen;
				INFOPLIST_KEY_UIMainStoryboardFile = Main;
				INFOPLIST_KEY_UISupportedInterfaceOrientations_iPad = "UIInterfaceOrientationPortrait UIInterfaceOrientationPortraitUpsideDown UIInterfaceOrientationLandscapeLeft UIInterfaceOrientationLandscapeRight";
				INFOPLIST_KEY_UISupportedInterfaceOrientations_iPhone = "UIInterfaceOrientationPortrait UIInterfaceOrientationLandscapeLeft UIInterfaceOrientationLandscapeRight";
				LD_RUNPATH_SEARCH_PATHS = (
					"$(inherited)",
					"@executable_path/Frameworks",
				);
				MARKETING_VERSION = 1.0;
				PRODUCT_BUNDLE_IDENTIFIER = practise.CollectionViewDemo;
				PRODUCT_NAME = "$(TARGET_NAME)";
				SWIFT_EMIT_LOC_STRINGS = YES;
				SWIFT_VERSION = 5.0;
				TARGETED_DEVICE_FAMILY = "1,2";
			};
			name = Release;
		};
/* End XCBuildConfiguration section */

/* Begin XCConfigurationList section */
		8E04A16E2C7741D70098B66A /* Build configuration list for PBXProject "CollectionViewDemo" */ = {
			isa = XCConfigurationList;
			buildConfigurations = (
				8E04A1852C7741DA0098B66A /* Debug */,
				8E04A1862C7741DA0098B66A /* Release */,
			);
			defaultConfigurationIsVisible = 0;
			defaultConfigurationName = Release;
		};
		8E04A1872C7741DA0098B66A /* Build configuration list for PBXNativeTarget "CollectionViewDemo" */ = {
			isa = XCConfigurationList;
			buildConfigurations = (
				8E04A1882C7741DA0098B66A /* Debug */,
				8E04A1892C7741DA0098B66A /* Release */,
			);
			defaultConfigurationIsVisible = 0;
			defaultConfigurationName = Release;
		};
/* End XCConfigurationList section */
	};
	rootObject = 8E04A16B2C7741D70098B66A /* Project object */;
}
